// !$*UTF8*$!
{
	archiveVersion = 1;
	classes = {
	};
	objectVersion = 77;
	objects = {

/* Begin PBXBuildFile section */
		DC1AAA622DCEC4FE000B9918 /* Kingfisher in Frameworks */ = {isa = PBXBuildFile; productRef = DC1AAA612DCEC4FE000B9918 /* Kingfisher */; };
		DC1AAC6C2DD4A153000B9918 /* BondfyrPhotos in Frameworks */ = {isa = PBXBuildFile; productRef = DC1AAC6B2DD4A153000B9918 /* BondfyrPhotos */; };
		DC40AA722D9185E000D78A39 /* FirebaseAnalytics in Frameworks */ = {isa = PBXBuildFile; productRef = DC40AA712D9185E000D78A39 /* FirebaseAnalytics */; };
		DC40AA742D9185E000D78A39 /* FirebaseAnalyticsOnDeviceConversion in Frameworks */ = {isa = PBXBuildFile; productRef = DC40AA732D9185E000D78A39 /* FirebaseAnalyticsOnDeviceConversion */; };
		DC40AA762D9185E000D78A39 /* FirebaseAnalyticsWithoutAdIdSupport in Frameworks */ = {isa = PBXBuildFile; productRef = DC40AA752D9185E000D78A39 /* FirebaseAnalyticsWithoutAdIdSupport */; };
		DC40AA782D9185E000D78A39 /* FirebaseAppCheck in Frameworks */ = {isa = PBXBuildFile; productRef = DC40AA772D9185E000D78A39 /* FirebaseAppCheck */; };
		DC40AA7A2D9185E000D78A39 /* FirebaseAppDistribution-Beta in Frameworks */ = {isa = PBXBuildFile; productRef = DC40AA792D9185E000D78A39 /* FirebaseAppDistribution-Beta */; };
		DC40AA7D2D91860300D78A39 /* FirebaseCore in Frameworks */ = {isa = PBXBuildFile; productRef = DC40AA7C2D91860300D78A39 /* FirebaseCore */; };
		DC40AA7F2D91860E00D78A39 /* FirebaseAuth in Frameworks */ = {isa = PBXBuildFile; productRef = DC40AA7E2D91860E00D78A39 /* FirebaseAuth */; };
		DC40AA8C2D918B5E00D78A39 /* FirebaseFirestore in Frameworks */ = {isa = PBXBuildFile; productRef = DC40AA8B2D918B5E00D78A39 /* FirebaseFirestore */; };
		DC40AA932D91934800D78A39 /* GoogleSignIn in Frameworks */ = {isa = PBXBuildFile; productRef = DC40AA922D91934800D78A39 /* GoogleSignIn */; };
		DC40AA952D91934800D78A39 /* GoogleSignInSwift in Frameworks */ = {isa = PBXBuildFile; productRef = DC40AA942D91934800D78A39 /* GoogleSignInSwift */; };
		DC40AAB42D9AAD2500D78A39 /* FirebaseStorage in Frameworks */ = {isa = PBXBuildFile; productRef = DC40AAB32D9AAD2500D78A39 /* FirebaseStorage */; };
		DC40AC872DA5790F00D78A39 /* FirebaseMessaging in Frameworks */ = {isa = PBXBuildFile; productRef = DC40AC862DA5790F00D78A39 /* FirebaseMessaging */; };
		DC9A4B752DB927C300A44426 /* SDWebImage in Frameworks */ = {isa = PBXBuildFile; productRef = DC9A4B742DB927C300A44426 /* SDWebImage */; };
		DC9A4B772DB927C300A44426 /* SDWebImageMapKit in Frameworks */ = {isa = PBXBuildFile; productRef = DC9A4B762DB927C300A44426 /* SDWebImageMapKit */; };
		DCFABE2F2E7C25150034E42E /* Mixpanel in Frameworks */ = {isa = PBXBuildFile; productRef = DCFABE2E2E7C25150034E42E /* Mixpanel */; };
/* End PBXBuildFile section */

/* Begin PBXContainerItemProxy section */
		DCBA6B6D2D90FA0F00214DC5 /* PBXContainerItemProxy */ = {
			isa = PBXContainerItemProxy;
			containerPortal = DCBA6B542D90FA0E00214DC5 /* Project object */;
			proxyType = 1;
			remoteGlobalIDString = DCBA6B5B2D90FA0E00214DC5;
			remoteInfo = Bondfyr;
		};
		DCBA6B772D90FA0F00214DC5 /* PBXContainerItemProxy */ = {
			isa = PBXContainerItemProxy;
			containerPortal = DCBA6B542D90FA0E00214DC5 /* Project object */;
			proxyType = 1;
			remoteGlobalIDString = DCBA6B5B2D90FA0E00214DC5;
			remoteInfo = Bondfyr;
		};
/* End PBXContainerItemProxy section */

/* Begin PBXFileReference section */
		2C5AAA633663309B17B30515 /* Pods-Bondfyr-BondfyrUITests.debug.xcconfig */ = {isa = PBXFileReference; includeInIndex = 1; lastKnownFileType = text.xcconfig; name = "Pods-Bondfyr-BondfyrUITests.debug.xcconfig"; path = "Target Support Files/Pods-Bondfyr-BondfyrUITests/Pods-Bondfyr-BondfyrUITests.debug.xcconfig"; sourceTree = "<group>"; };
		2F0961C5CD25476A16E14C91 /* Pods-BondfyrTests.debug.xcconfig */ = {isa = PBXFileReference; includeInIndex = 1; lastKnownFileType = text.xcconfig; name = "Pods-BondfyrTests.debug.xcconfig"; path = "Target Support Files/Pods-BondfyrTests/Pods-BondfyrTests.debug.xcconfig"; sourceTree = "<group>"; };
		5D9DAFA34C1519143CEAC8DE /* Pods-Bondfyr.debug.xcconfig */ = {isa = PBXFileReference; includeInIndex = 1; lastKnownFileType = text.xcconfig; name = "Pods-Bondfyr.debug.xcconfig"; path = "Target Support Files/Pods-Bondfyr/Pods-Bondfyr.debug.xcconfig"; sourceTree = "<group>"; };
		60DB508FE0ABBC0E2F3EA23D /* Pods-Bondfyr.release.xcconfig */ = {isa = PBXFileReference; includeInIndex = 1; lastKnownFileType = text.xcconfig; name = "Pods-Bondfyr.release.xcconfig"; path = "Target Support Files/Pods-Bondfyr/Pods-Bondfyr.release.xcconfig"; sourceTree = "<group>"; };
		D97E2DE975BC865718374751 /* Pods-Bondfyr-BondfyrUITests.release.xcconfig */ = {isa = PBXFileReference; includeInIndex = 1; lastKnownFileType = text.xcconfig; name = "Pods-Bondfyr-BondfyrUITests.release.xcconfig"; path = "Target Support Files/Pods-Bondfyr-BondfyrUITests/Pods-Bondfyr-BondfyrUITests.release.xcconfig"; sourceTree = "<group>"; };
		DCBA6B5C2D90FA0E00214DC5 /* Bondfyr.app */ = {isa = PBXFileReference; explicitFileType = wrapper.application; includeInIndex = 0; path = Bondfyr.app; sourceTree = BUILT_PRODUCTS_DIR; };
		DCBA6B6C2D90FA0F00214DC5 /* BondfyrTests.xctest */ = {isa = PBXFileReference; explicitFileType = wrapper.cfbundle; includeInIndex = 0; path = BondfyrTests.xctest; sourceTree = BUILT_PRODUCTS_DIR; };
		DCBA6B762D90FA0F00214DC5 /* BondfyrUITests.xctest */ = {isa = PBXFileReference; explicitFileType = wrapper.cfbundle; includeInIndex = 0; path = BondfyrUITests.xctest; sourceTree = BUILT_PRODUCTS_DIR; };
		F1F431CD83BDB66673178850 /* Pods-BondfyrTests.release.xcconfig */ = {isa = PBXFileReference; includeInIndex = 1; lastKnownFileType = text.xcconfig; name = "Pods-BondfyrTests.release.xcconfig"; path = "Target Support Files/Pods-BondfyrTests/Pods-BondfyrTests.release.xcconfig"; sourceTree = "<group>"; };
		F6278F11241E352642B394BB /* Pods_Bondfyr.framework */ = {isa = PBXFileReference; explicitFileType = wrapper.framework; includeInIndex = 0; path = Pods_Bondfyr.framework; sourceTree = BUILT_PRODUCTS_DIR; };
/* End PBXFileReference section */

/* Begin PBXFileSystemSynchronizedBuildFileExceptionSet section */
		DC40AA972D91B7DD00D78A39 /* Exceptions for "Bondfyr" folder in "Bondfyr" target */ = {
			isa = PBXFileSystemSynchronizedBuildFileExceptionSet;
			membershipExceptions = (
				Info.plist,
			);
			target = DCBA6B5B2D90FA0E00214DC5 /* Bondfyr */;
		};
/* End PBXFileSystemSynchronizedBuildFileExceptionSet section */

/* Begin PBXFileSystemSynchronizedRootGroup section */
		DCBA6B5E2D90FA0E00214DC5 /* Bondfyr */ = {
			isa = PBXFileSystemSynchronizedRootGroup;
			exceptions = (
				DC40AA972D91B7DD00D78A39 /* Exceptions for "Bondfyr" folder in "Bondfyr" target */,
			);
			path = Bondfyr;
			sourceTree = "<group>";
		};
		DCBA6B6F2D90FA0F00214DC5 /* BondfyrTests */ = {
			isa = PBXFileSystemSynchronizedRootGroup;
			path = BondfyrTests;
			sourceTree = "<group>";
		};
		DCBA6B792D90FA0F00214DC5 /* BondfyrUITests */ = {
			isa = PBXFileSystemSynchronizedRootGroup;
			path = BondfyrUITests;
			sourceTree = "<group>";
		};
/* End PBXFileSystemSynchronizedRootGroup section */

/* Begin PBXFrameworksBuildPhase section */
		DCBA6B592D90FA0E00214DC5 /* Frameworks */ = {
			isa = PBXFrameworksBuildPhase;
			buildActionMask = 2147483647;
			files = (
				DC40AC872DA5790F00D78A39 /* FirebaseMessaging in Frameworks */,
				DC40AA782D9185E000D78A39 /* FirebaseAppCheck in Frameworks */,
				DC40AA722D9185E000D78A39 /* FirebaseAnalytics in Frameworks */,
				DC40AA7A2D9185E000D78A39 /* FirebaseAppDistribution-Beta in Frameworks */,
				DC40AA762D9185E000D78A39 /* FirebaseAnalyticsWithoutAdIdSupport in Frameworks */,
				DC40AA7D2D91860300D78A39 /* FirebaseCore in Frameworks */,
				DC40AA952D91934800D78A39 /* GoogleSignInSwift in Frameworks */,
				DC40AA8C2D918B5E00D78A39 /* FirebaseFirestore in Frameworks */,
				DC40AA7F2D91860E00D78A39 /* FirebaseAuth in Frameworks */,
				DC1AAA622DCEC4FE000B9918 /* Kingfisher in Frameworks */,
				DC40AAB42D9AAD2500D78A39 /* FirebaseStorage in Frameworks */,
				DCFABE2F2E7C25150034E42E /* Mixpanel in Frameworks */,
				DC9A4B752DB927C300A44426 /* SDWebImage in Frameworks */,
				DC40AA742D9185E000D78A39 /* FirebaseAnalyticsOnDeviceConversion in Frameworks */,
				DC9A4B772DB927C300A44426 /* SDWebImageMapKit in Frameworks */,
				DC1AAC6C2DD4A153000B9918 /* BondfyrPhotos in Frameworks */,
				DC40AA932D91934800D78A39 /* GoogleSignIn in Frameworks */,
			);
			runOnlyForDeploymentPostprocessing = 0;
		};
		DCBA6B692D90FA0F00214DC5 /* Frameworks */ = {
			isa = PBXFrameworksBuildPhase;
			buildActionMask = 2147483647;
			files = (
			);
			runOnlyForDeploymentPostprocessing = 0;
		};
		DCBA6B732D90FA0F00214DC5 /* Frameworks */ = {
			isa = PBXFrameworksBuildPhase;
			buildActionMask = 2147483647;
			files = (
			);
			runOnlyForDeploymentPostprocessing = 0;
		};
/* End PBXFrameworksBuildPhase section */

/* Begin PBXGroup section */
		5F505A10F4CE49960489D9F4 /* Pods */ = {
			isa = PBXGroup;
			children = (
				5D9DAFA34C1519143CEAC8DE /* Pods-Bondfyr.debug.xcconfig */,
				60DB508FE0ABBC0E2F3EA23D /* Pods-Bondfyr.release.xcconfig */,
				2C5AAA633663309B17B30515 /* Pods-Bondfyr-BondfyrUITests.debug.xcconfig */,
				D97E2DE975BC865718374751 /* Pods-Bondfyr-BondfyrUITests.release.xcconfig */,
				2F0961C5CD25476A16E14C91 /* Pods-BondfyrTests.debug.xcconfig */,
				F1F431CD83BDB66673178850 /* Pods-BondfyrTests.release.xcconfig */,
			);
			path = Pods;
			sourceTree = "<group>";
		};
		8CCA890ABC8C14DC346B7D74 /* Frameworks */ = {
			isa = PBXGroup;
			children = (
				F6278F11241E352642B394BB /* Pods_Bondfyr.framework */,
			);
			name = Frameworks;
			sourceTree = "<group>";
		};
		DCBA6B532D90FA0E00214DC5 = {
			isa = PBXGroup;
			children = (
				DCBA6B5E2D90FA0E00214DC5 /* Bondfyr */,
				DCBA6B6F2D90FA0F00214DC5 /* BondfyrTests */,
				DCBA6B792D90FA0F00214DC5 /* BondfyrUITests */,
				DCBA6B5D2D90FA0E00214DC5 /* Products */,
				5F505A10F4CE49960489D9F4 /* Pods */,
				8CCA890ABC8C14DC346B7D74 /* Frameworks */,
			);
			sourceTree = "<group>";
		};
		DCBA6B5D2D90FA0E00214DC5 /* Products */ = {
			isa = PBXGroup;
			children = (
				DCBA6B5C2D90FA0E00214DC5 /* Bondfyr.app */,
				DCBA6B6C2D90FA0F00214DC5 /* BondfyrTests.xctest */,
				DCBA6B762D90FA0F00214DC5 /* BondfyrUITests.xctest */,
			);
			name = Products;
			sourceTree = "<group>";
		};
/* End PBXGroup section */

/* Begin PBXNativeTarget section */
		DCBA6B5B2D90FA0E00214DC5 /* Bondfyr */ = {
			isa = PBXNativeTarget;
			buildConfigurationList = DCBA6B802D90FA0F00214DC5 /* Build configuration list for PBXNativeTarget "Bondfyr" */;
			buildPhases = (
				DCBA6B582D90FA0E00214DC5 /* Sources */,
				DCBA6B592D90FA0E00214DC5 /* Frameworks */,
				DCBA6B5A2D90FA0E00214DC5 /* Resources */,
			);
			buildRules = (
			);
			dependencies = (
			);
			fileSystemSynchronizedGroups = (
				DCBA6B5E2D90FA0E00214DC5 /* Bondfyr */,
			);
			name = Bondfyr;
			packageProductDependencies = (
				DC40AA712D9185E000D78A39 /* FirebaseAnalytics */,
				DC40AA732D9185E000D78A39 /* FirebaseAnalyticsOnDeviceConversion */,
				DC40AA752D9185E000D78A39 /* FirebaseAnalyticsWithoutAdIdSupport */,
				DC40AA772D9185E000D78A39 /* FirebaseAppCheck */,
				DC40AA792D9185E000D78A39 /* FirebaseAppDistribution-Beta */,
				DC40AA7C2D91860300D78A39 /* FirebaseCore */,
				DC40AA7E2D91860E00D78A39 /* FirebaseAuth */,
				DC40AA8B2D918B5E00D78A39 /* FirebaseFirestore */,
				DC40AA922D91934800D78A39 /* GoogleSignIn */,
				DC40AA942D91934800D78A39 /* GoogleSignInSwift */,
				DC40AAB32D9AAD2500D78A39 /* FirebaseStorage */,
				DC40AC862DA5790F00D78A39 /* FirebaseMessaging */,
				DC9A4B742DB927C300A44426 /* SDWebImage */,
				DC9A4B762DB927C300A44426 /* SDWebImageMapKit */,
				DC1AAA612DCEC4FE000B9918 /* Kingfisher */,
				DC1AAC6B2DD4A153000B9918 /* BondfyrPhotos */,
				DCFABE2E2E7C25150034E42E /* Mixpanel */,
			);
			productName = Bondfyr;
			productReference = DCBA6B5C2D90FA0E00214DC5 /* Bondfyr.app */;
			productType = "com.apple.product-type.application";
		};
		DCBA6B6B2D90FA0F00214DC5 /* BondfyrTests */ = {
			isa = PBXNativeTarget;
			buildConfigurationList = DCBA6B832D90FA0F00214DC5 /* Build configuration list for PBXNativeTarget "BondfyrTests" */;
			buildPhases = (
				DCBA6B682D90FA0F00214DC5 /* Sources */,
				DCBA6B692D90FA0F00214DC5 /* Frameworks */,
				DCBA6B6A2D90FA0F00214DC5 /* Resources */,
			);
			buildRules = (
			);
			dependencies = (
				DCBA6B6E2D90FA0F00214DC5 /* PBXTargetDependency */,
			);
			fileSystemSynchronizedGroups = (
				DCBA6B6F2D90FA0F00214DC5 /* BondfyrTests */,
			);
			name = BondfyrTests;
			productName = BondfyrTests;
			productReference = DCBA6B6C2D90FA0F00214DC5 /* BondfyrTests.xctest */;
			productType = "com.apple.product-type.bundle.unit-test";
		};
		DCBA6B752D90FA0F00214DC5 /* BondfyrUITests */ = {
			isa = PBXNativeTarget;
			buildConfigurationList = DCBA6B862D90FA0F00214DC5 /* Build configuration list for PBXNativeTarget "BondfyrUITests" */;
			buildPhases = (
				DCBA6B722D90FA0F00214DC5 /* Sources */,
				DCBA6B732D90FA0F00214DC5 /* Frameworks */,
				DCBA6B742D90FA0F00214DC5 /* Resources */,
			);
			buildRules = (
			);
			dependencies = (
				DCBA6B782D90FA0F00214DC5 /* PBXTargetDependency */,
			);
			fileSystemSynchronizedGroups = (
				DCBA6B792D90FA0F00214DC5 /* BondfyrUITests */,
			);
			name = BondfyrUITests;
			productName = BondfyrUITests;
			productReference = DCBA6B762D90FA0F00214DC5 /* BondfyrUITests.xctest */;
			productType = "com.apple.product-type.bundle.ui-testing";
		};
/* End PBXNativeTarget section */

/* Begin PBXProject section */
		DCBA6B542D90FA0E00214DC5 /* Project object */ = {
			isa = PBXProject;
			attributes = {
				BuildIndependentTargetsInParallel = 1;
				LastSwiftUpdateCheck = 1620;
				LastUpgradeCheck = 1620;
				TargetAttributes = {
					DCBA6B5B2D90FA0E00214DC5 = {
						CreatedOnToolsVersion = 16.2;
					};
					DCBA6B6B2D90FA0F00214DC5 = {
						CreatedOnToolsVersion = 16.2;
						TestTargetID = DCBA6B5B2D90FA0E00214DC5;
					};
					DCBA6B752D90FA0F00214DC5 = {
						CreatedOnToolsVersion = 16.2;
						TestTargetID = DCBA6B5B2D90FA0E00214DC5;
					};
				};
			};
			buildConfigurationList = DCBA6B572D90FA0E00214DC5 /* Build configuration list for PBXProject "Bondfyr" */;
			developmentRegion = en;
			hasScannedForEncodings = 0;
			knownRegions = (
				en,
				Base,
			);
			mainGroup = DCBA6B532D90FA0E00214DC5;
			minimizedProjectReferenceProxies = 1;
			packageReferences = (
				DC40AA702D91831000D78A39 /* XCRemoteSwiftPackageReference "firebase-ios-sdk" */,
				DC40AA912D91933800D78A39 /* XCRemoteSwiftPackageReference "GoogleSignIn-iOS" */,
				DC9A4B732DB927C300A44426 /* XCRemoteSwiftPackageReference "SDWebImage" */,
				DC1AAA602DCEC4FE000B9918 /* XCRemoteSwiftPackageReference "Kingfisher" */,
				DC1AAC6A2DD4A152000B9918 /* XCLocalSwiftPackageReference "../BondfyrPhotos" */,
				DCFABE2D2E7C25150034E42E /* XCRemoteSwiftPackageReference "mixpanel-swift" */,
			);
			preferredProjectObjectVersion = 77;
			productRefGroup = DCBA6B5D2D90FA0E00214DC5 /* Products */;
			projectDirPath = "";
			projectRoot = "";
			targets = (
				DCBA6B5B2D90FA0E00214DC5 /* Bondfyr */,
				DCBA6B6B2D90FA0F00214DC5 /* BondfyrTests */,
				DCBA6B752D90FA0F00214DC5 /* BondfyrUITests */,
			);
		};
/* End PBXProject section */

/* Begin PBXResourcesBuildPhase section */
		DCBA6B5A2D90FA0E00214DC5 /* Resources */ = {
			isa = PBXResourcesBuildPhase;
			buildActionMask = 2147483647;
			files = (
			);
			runOnlyForDeploymentPostprocessing = 0;
		};
		DCBA6B6A2D90FA0F00214DC5 /* Resources */ = {
			isa = PBXResourcesBuildPhase;
			buildActionMask = 2147483647;
			files = (
			);
			runOnlyForDeploymentPostprocessing = 0;
		};
		DCBA6B742D90FA0F00214DC5 /* Resources */ = {
			isa = PBXResourcesBuildPhase;
			buildActionMask = 2147483647;
			files = (
			);
			runOnlyForDeploymentPostprocessing = 0;
		};
/* End PBXResourcesBuildPhase section */

/* Begin PBXSourcesBuildPhase section */
		DCBA6B582D90FA0E00214DC5 /* Sources */ = {
			isa = PBXSourcesBuildPhase;
			buildActionMask = 2147483647;
			files = (
			);
			runOnlyForDeploymentPostprocessing = 0;
		};
		DCBA6B682D90FA0F00214DC5 /* Sources */ = {
			isa = PBXSourcesBuildPhase;
			buildActionMask = 2147483647;
			files = (
			);
			runOnlyForDeploymentPostprocessing = 0;
		};
		DCBA6B722D90FA0F00214DC5 /* Sources */ = {
			isa = PBXSourcesBuildPhase;
			buildActionMask = 2147483647;
			files = (
			);
			runOnlyForDeploymentPostprocessing = 0;
		};
/* End PBXSourcesBuildPhase section */

/* Begin PBXTargetDependency section */
		DCBA6B6E2D90FA0F00214DC5 /* PBXTargetDependency */ = {
			isa = PBXTargetDependency;
			target = DCBA6B5B2D90FA0E00214DC5 /* Bondfyr */;
			targetProxy = DCBA6B6D2D90FA0F00214DC5 /* PBXContainerItemProxy */;
		};
		DCBA6B782D90FA0F00214DC5 /* PBXTargetDependency */ = {
			isa = PBXTargetDependency;
			target = DCBA6B5B2D90FA0E00214DC5 /* Bondfyr */;
			targetProxy = DCBA6B772D90FA0F00214DC5 /* PBXContainerItemProxy */;
		};
/* End PBXTargetDependency section */

/* Begin XCBuildConfiguration section */
		DCBA6B7E2D90FA0F00214DC5 /* Debug */ = {
			isa = XCBuildConfiguration;
			buildSettings = {
				ALWAYS_SEARCH_USER_PATHS = NO;
				ASSETCATALOG_COMPILER_GENERATE_SWIFT_ASSET_SYMBOL_EXTENSIONS = YES;
				CLANG_ANALYZER_NONNULL = YES;
				CLANG_ANALYZER_NUMBER_OBJECT_CONVERSION = YES_AGGRESSIVE;
				CLANG_CXX_LANGUAGE_STANDARD = "gnu++20";
				CLANG_ENABLE_MODULES = YES;
				CLANG_ENABLE_OBJC_ARC = YES;
				CLANG_ENABLE_OBJC_WEAK = YES;
				CLANG_WARN_BLOCK_CAPTURE_AUTORELEASING = YES;
				CLANG_WARN_BOOL_CONVERSION = YES;
				CLANG_WARN_COMMA = YES;
				CLANG_WARN_CONSTANT_CONVERSION = YES;
				CLANG_WARN_DEPRECATED_OBJC_IMPLEMENTATIONS = YES;
				CLANG_WARN_DIRECT_OBJC_ISA_USAGE = YES_ERROR;
				CLANG_WARN_DOCUMENTATION_COMMENTS = YES;
				CLANG_WARN_EMPTY_BODY = YES;
				CLANG_WARN_ENUM_CONVERSION = YES;
				CLANG_WARN_INFINITE_RECURSION = YES;
				CLANG_WARN_INT_CONVERSION = YES;
				CLANG_WARN_NON_LITERAL_NULL_CONVERSION = YES;
				CLANG_WARN_OBJC_IMPLICIT_RETAIN_SELF = YES;
				CLANG_WARN_OBJC_LITERAL_CONVERSION = YES;
				CLANG_WARN_OBJC_ROOT_CLASS = YES_ERROR;
				CLANG_WARN_QUOTED_INCLUDE_IN_FRAMEWORK_HEADER = YES;
				CLANG_WARN_RANGE_LOOP_ANALYSIS = YES;
				CLANG_WARN_STRICT_PROTOTYPES = YES;
				CLANG_WARN_SUSPICIOUS_MOVE = YES;
				CLANG_WARN_UNGUARDED_AVAILABILITY = YES_AGGRESSIVE;
				CLANG_WARN_UNREACHABLE_CODE = YES;
				CLANG_WARN__DUPLICATE_METHOD_MATCH = YES;
				COPY_PHASE_STRIP = NO;
				DEBUG_INFORMATION_FORMAT = dwarf;
				ENABLE_STRICT_OBJC_MSGSEND = YES;
				ENABLE_TESTABILITY = YES;
				ENABLE_USER_SCRIPT_SANDBOXING = YES;
				GCC_C_LANGUAGE_STANDARD = gnu17;
				GCC_DYNAMIC_NO_PIC = NO;
				GCC_NO_COMMON_BLOCKS = YES;
				GCC_OPTIMIZATION_LEVEL = 0;
				GCC_PREPROCESSOR_DEFINITIONS = (
					"DEBUG=1",
					"$(inherited)",
				);
				GCC_WARN_64_TO_32_BIT_CONVERSION = YES;
				GCC_WARN_ABOUT_RETURN_TYPE = YES_ERROR;
				GCC_WARN_UNDECLARED_SELECTOR = YES;
				GCC_WARN_UNINITIALIZED_AUTOS = YES_AGGRESSIVE;
				GCC_WARN_UNUSED_FUNCTION = YES;
				GCC_WARN_UNUSED_VARIABLE = YES;
				IPHONEOS_DEPLOYMENT_TARGET = 18.2;
				LOCALIZATION_PREFERS_STRING_CATALOGS = YES;
				MTL_ENABLE_DEBUG_INFO = INCLUDE_SOURCE;
				MTL_FAST_MATH = YES;
				ONLY_ACTIVE_ARCH = YES;
				SDKROOT = iphoneos;
				SWIFT_ACTIVE_COMPILATION_CONDITIONS = "DEBUG $(inherited)";
				SWIFT_OPTIMIZATION_LEVEL = "-Onone";
			};
			name = Debug;
		};
		DCBA6B7F2D90FA0F00214DC5 /* Release */ = {
			isa = XCBuildConfiguration;
			buildSettings = {
				ALWAYS_SEARCH_USER_PATHS = NO;
				ASSETCATALOG_COMPILER_GENERATE_SWIFT_ASSET_SYMBOL_EXTENSIONS = YES;
				CLANG_ANALYZER_NONNULL = YES;
				CLANG_ANALYZER_NUMBER_OBJECT_CONVERSION = YES_AGGRESSIVE;
				CLANG_CXX_LANGUAGE_STANDARD = "gnu++20";
				CLANG_ENABLE_MODULES = YES;
				CLANG_ENABLE_OBJC_ARC = YES;
				CLANG_ENABLE_OBJC_WEAK = YES;
				CLANG_WARN_BLOCK_CAPTURE_AUTORELEASING = YES;
				CLANG_WARN_BOOL_CONVERSION = YES;
				CLANG_WARN_COMMA = YES;
				CLANG_WARN_CONSTANT_CONVERSION = YES;
				CLANG_WARN_DEPRECATED_OBJC_IMPLEMENTATIONS = YES;
				CLANG_WARN_DIRECT_OBJC_ISA_USAGE = YES_ERROR;
				CLANG_WARN_DOCUMENTATION_COMMENTS = YES;
				CLANG_WARN_EMPTY_BODY = YES;
				CLANG_WARN_ENUM_CONVERSION = YES;
				CLANG_WARN_INFINITE_RECURSION = YES;
				CLANG_WARN_INT_CONVERSION = YES;
				CLANG_WARN_NON_LITERAL_NULL_CONVERSION = YES;
				CLANG_WARN_OBJC_IMPLICIT_RETAIN_SELF = YES;
				CLANG_WARN_OBJC_LITERAL_CONVERSION = YES;
				CLANG_WARN_OBJC_ROOT_CLASS = YES_ERROR;
				CLANG_WARN_QUOTED_INCLUDE_IN_FRAMEWORK_HEADER = YES;
				CLANG_WARN_RANGE_LOOP_ANALYSIS = YES;
				CLANG_WARN_STRICT_PROTOTYPES = YES;
				CLANG_WARN_SUSPICIOUS_MOVE = YES;
				CLANG_WARN_UNGUARDED_AVAILABILITY = YES_AGGRESSIVE;
				CLANG_WARN_UNREACHABLE_CODE = YES;
				CLANG_WARN__DUPLICATE_METHOD_MATCH = YES;
				COPY_PHASE_STRIP = NO;
				DEBUG_INFORMATION_FORMAT = "dwarf-with-dsym";
				ENABLE_NS_ASSERTIONS = NO;
				ENABLE_STRICT_OBJC_MSGSEND = YES;
				ENABLE_USER_SCRIPT_SANDBOXING = YES;
				GCC_C_LANGUAGE_STANDARD = gnu17;
				GCC_NO_COMMON_BLOCKS = YES;
				GCC_WARN_64_TO_32_BIT_CONVERSION = YES;
				GCC_WARN_ABOUT_RETURN_TYPE = YES_ERROR;
				GCC_WARN_UNDECLARED_SELECTOR = YES;
				GCC_WARN_UNINITIALIZED_AUTOS = YES_AGGRESSIVE;
				GCC_WARN_UNUSED_FUNCTION = YES;
				GCC_WARN_UNUSED_VARIABLE = YES;
				IPHONEOS_DEPLOYMENT_TARGET = 18.2;
				LOCALIZATION_PREFERS_STRING_CATALOGS = YES;
				MTL_ENABLE_DEBUG_INFO = NO;
				MTL_FAST_MATH = YES;
				SDKROOT = iphoneos;
				SWIFT_COMPILATION_MODE = wholemodule;
				VALIDATE_PRODUCT = YES;
			};
			name = Release;
		};
		DCBA6B812D90FA0F00214DC5 /* Debug */ = {
			isa = XCBuildConfiguration;
			buildSettings = {
				ASSETCATALOG_COMPILER_APPICON_NAME = AppIcon;
				ASSETCATALOG_COMPILER_GLOBAL_ACCENT_COLOR_NAME = AccentColor;
				CODE_SIGN_ALLOW_ENTITLEMENTS_MODIFICATION = YES;
				CODE_SIGN_ENTITLEMENTS = Bondfyr/Bondfyr.entitlements;
				CODE_SIGN_IDENTITY = "Apple Development";
				CODE_SIGN_STYLE = Automatic;
				CURRENT_PROJECT_VERSION = 1;
				DEVELOPMENT_ASSET_PATHS = "\"Bondfyr/Preview Content\"";
				DEVELOPMENT_TEAM = UDGYWMMVJS;
				ENABLE_PREVIEWS = YES;
				GENERATE_INFOPLIST_FILE = YES;
				INFOPLIST_FILE = Bondfyr/Info.plist;
				INFOPLIST_KEY_NSCalendarsUsageDescription = "Bondfyr needs calendar access to add events to your calendar and check for scheduling conflicts.";
				INFOPLIST_KEY_NSCameraUsageDescription = "Bondfyr needs access to your camera to take photos for events and contests.";
				INFOPLIST_KEY_NSMicrophoneUsageDescription = "Bondfyr may need access to your microphone when capturing video.";
				INFOPLIST_KEY_NSPhotoLibraryUsageDescription = "Bondfyr needs access to your photo library to save and share photos from events.";
				INFOPLIST_KEY_UIApplicationSupportsIndirectInputEvents = YES;
				INFOPLIST_KEY_UILaunchScreen_Generation = YES;
				INFOPLIST_KEY_UISupportedInterfaceOrientations_iPad = "UIInterfaceOrientationPortrait UIInterfaceOrientationPortraitUpsideDown UIInterfaceOrientationLandscapeLeft UIInterfaceOrientationLandscapeRight";
				INFOPLIST_KEY_UISupportedInterfaceOrientations_iPhone = "UIInterfaceOrientationPortrait UIInterfaceOrientationLandscapeLeft UIInterfaceOrientationLandscapeRight";
				LD_RUNPATH_SEARCH_PATHS = (
					"$(inherited)",
					"@executable_path/Frameworks",
				);
				MARKETING_VERSION = 1.0.4;
				PRODUCT_BUNDLE_IDENTIFIER = Bondfyr.Bondfyr;
				PRODUCT_NAME = "$(TARGET_NAME)";
				PROVISIONING_PROFILE_SPECIFIER = "";
				SUPPORTED_PLATFORMS = "iphoneos iphonesimulator";
				SUPPORTS_MACCATALYST = NO;
				SUPPORTS_MAC_DESIGNED_FOR_IPHONE_IPAD = NO;
				SUPPORTS_XR_DESIGNED_FOR_IPHONE_IPAD = NO;
				SWIFT_EMIT_LOC_STRINGS = YES;
				SWIFT_VERSION = 5.0;
				TARGETED_DEVICE_FAMILY = 1;
			};
			name = Debug;
		};
		DCBA6B822D90FA0F00214DC5 /* Release */ = {
			isa = XCBuildConfiguration;
			buildSettings = {
				ASSETCATALOG_COMPILER_APPICON_NAME = AppIcon;
				ASSETCATALOG_COMPILER_GLOBAL_ACCENT_COLOR_NAME = AccentColor;
				CODE_SIGN_ALLOW_ENTITLEMENTS_MODIFICATION = YES;
				CODE_SIGN_ENTITLEMENTS = Bondfyr/Bondfyr.entitlements;
				CODE_SIGN_IDENTITY = "Apple Development";
				CODE_SIGN_STYLE = Automatic;
				CURRENT_PROJECT_VERSION = 1;
				DEVELOPMENT_ASSET_PATHS = "\"Bondfyr/Preview Content\"";
				DEVELOPMENT_TEAM = UDGYWMMVJS;
				ENABLE_PREVIEWS = YES;
				GENERATE_INFOPLIST_FILE = YES;
				INFOPLIST_FILE = Bondfyr/Info.plist;
				INFOPLIST_KEY_NSCalendarsUsageDescription = "Bondfyr needs calendar access to add events to your calendar and check for scheduling conflicts.";
				INFOPLIST_KEY_NSCameraUsageDescription = "Bondfyr needs access to your camera to take photos for events and contests.";
				INFOPLIST_KEY_NSMicrophoneUsageDescription = "Bondfyr may need access to your microphone when capturing video.";
				INFOPLIST_KEY_NSPhotoLibraryUsageDescription = "Bondfyr needs access to your photo library to save and share photos from events.";
				INFOPLIST_KEY_UIApplicationSupportsIndirectInputEvents = YES;
				INFOPLIST_KEY_UILaunchScreen_Generation = YES;
				INFOPLIST_KEY_UISupportedInterfaceOrientations_iPad = "UIInterfaceOrientationPortrait UIInterfaceOrientationPortraitUpsideDown UIInterfaceOrientationLandscapeLeft UIInterfaceOrientationLandscapeRight";
				INFOPLIST_KEY_UISupportedInterfaceOrientations_iPhone = "UIInterfaceOrientationPortrait UIInterfaceOrientationLandscapeLeft UIInterfaceOrientationLandscapeRight";
				LD_RUNPATH_SEARCH_PATHS = (
					"$(inherited)",
					"@executable_path/Frameworks",
				);
				MARKETING_VERSION = 1.0.4;
				PRODUCT_BUNDLE_IDENTIFIER = Bondfyr.Bondfyr;
				PRODUCT_NAME = "$(TARGET_NAME)";
				PROVISIONING_PROFILE_SPECIFIER = "";
				SUPPORTED_PLATFORMS = "iphoneos iphonesimulator";
				SUPPORTS_MACCATALYST = NO;
				SUPPORTS_MAC_DESIGNED_FOR_IPHONE_IPAD = NO;
				SUPPORTS_XR_DESIGNED_FOR_IPHONE_IPAD = NO;
				SWIFT_EMIT_LOC_STRINGS = YES;
				SWIFT_VERSION = 5.0;
				TARGETED_DEVICE_FAMILY = 1;
			};
			name = Release;
		};
		DCBA6B842D90FA0F00214DC5 /* Debug */ = {
			isa = XCBuildConfiguration;
			buildSettings = {
				BUNDLE_LOADER = "$(TEST_HOST)";
				CODE_SIGN_IDENTITY = "Apple Development";
				CODE_SIGN_STYLE = Automatic;
				CURRENT_PROJECT_VERSION = 2;
				DEVELOPMENT_TEAM = UDGYWMMVJS;
				GENERATE_INFOPLIST_FILE = YES;
				IPHONEOS_DEPLOYMENT_TARGET = 18.2;
				MARKETING_VERSION = 1.0;
				PRODUCT_BUNDLE_IDENTIFIER = Bondfyr.BondfyrTests;
				PRODUCT_NAME = "$(TARGET_NAME)";
				PROVISIONING_PROFILE_SPECIFIER = "";
				SWIFT_EMIT_LOC_STRINGS = NO;
				SWIFT_VERSION = 5.0;
				TARGETED_DEVICE_FAMILY = "1,2";
				TEST_HOST = "$(BUILT_PRODUCTS_DIR)/Bondfyr.app/$(BUNDLE_EXECUTABLE_FOLDER_PATH)/Bondfyr";
			};
			name = Debug;
		};
		DCBA6B852D90FA0F00214DC5 /* Release */ = {
			isa = XCBuildConfiguration;
			buildSettings = {
				BUNDLE_LOADER = "$(TEST_HOST)";
				CODE_SIGN_IDENTITY = "Apple Development";
				CODE_SIGN_STYLE = Automatic;
				CURRENT_PROJECT_VERSION = 2;
				DEVELOPMENT_TEAM = UDGYWMMVJS;
				GENERATE_INFOPLIST_FILE = YES;
				IPHONEOS_DEPLOYMENT_TARGET = 18.2;
				MARKETING_VERSION = 1.0;
				PRODUCT_BUNDLE_IDENTIFIER = Bondfyr.BondfyrTests;
				PRODUCT_NAME = "$(TARGET_NAME)";
				PROVISIONING_PROFILE_SPECIFIER = "";
				SWIFT_EMIT_LOC_STRINGS = NO;
				SWIFT_VERSION = 5.0;
				TARGETED_DEVICE_FAMILY = "1,2";
				TEST_HOST = "$(BUILT_PRODUCTS_DIR)/Bondfyr.app/$(BUNDLE_EXECUTABLE_FOLDER_PATH)/Bondfyr";
			};
			name = Release;
		};
		DCBA6B872D90FA0F00214DC5 /* Debug */ = {
			isa = XCBuildConfiguration;
			buildSettings = {
				CODE_SIGN_STYLE = Automatic;
				CURRENT_PROJECT_VERSION = 2;
				DEVELOPMENT_TEAM = UDGYWMMVJS;
				GENERATE_INFOPLIST_FILE = YES;
				MARKETING_VERSION = 1.0;
				PRODUCT_BUNDLE_IDENTIFIER = Bondfyr.BondfyrUITests;
				PRODUCT_NAME = "$(TARGET_NAME)";
				SWIFT_EMIT_LOC_STRINGS = NO;
				SWIFT_VERSION = 5.0;
				TARGETED_DEVICE_FAMILY = "1,2";
				TEST_TARGET_NAME = Bondfyr;
			};
			name = Debug;
		};
		DCBA6B882D90FA0F00214DC5 /* Release */ = {
			isa = XCBuildConfiguration;
			buildSettings = {
				CODE_SIGN_STYLE = Automatic;
				CURRENT_PROJECT_VERSION = 2;
				DEVELOPMENT_TEAM = UDGYWMMVJS;
				GENERATE_INFOPLIST_FILE = YES;
				MARKETING_VERSION = 1.0;
				PRODUCT_BUNDLE_IDENTIFIER = Bondfyr.BondfyrUITests;
				PRODUCT_NAME = "$(TARGET_NAME)";
				SWIFT_EMIT_LOC_STRINGS = NO;
				SWIFT_VERSION = 5.0;
				TARGETED_DEVICE_FAMILY = "1,2";
				TEST_TARGET_NAME = Bondfyr;
			};
			name = Release;
		};
/* End XCBuildConfiguration section */

/* Begin XCConfigurationList section */
		DCBA6B572D90FA0E00214DC5 /* Build configuration list for PBXProject "Bondfyr" */ = {
			isa = XCConfigurationList;
			buildConfigurations = (
				DCBA6B7E2D90FA0F00214DC5 /* Debug */,
				DCBA6B7F2D90FA0F00214DC5 /* Release */,
			);
			defaultConfigurationIsVisible = 0;
			defaultConfigurationName = Release;
		};
		DCBA6B802D90FA0F00214DC5 /* Build configuration list for PBXNativeTarget "Bondfyr" */ = {
			isa = XCConfigurationList;
			buildConfigurations = (
				DCBA6B812D90FA0F00214DC5 /* Debug */,
				DCBA6B822D90FA0F00214DC5 /* Release */,
			);
			defaultConfigurationIsVisible = 0;
			defaultConfigurationName = Release;
		};
		DCBA6B832D90FA0F00214DC5 /* Build configuration list for PBXNativeTarget "BondfyrTests" */ = {
			isa = XCConfigurationList;
			buildConfigurations = (
				DCBA6B842D90FA0F00214DC5 /* Debug */,
				DCBA6B852D90FA0F00214DC5 /* Release */,
			);
			defaultConfigurationIsVisible = 0;
			defaultConfigurationName = Release;
		};
		DCBA6B862D90FA0F00214DC5 /* Build configuration list for PBXNativeTarget "BondfyrUITests" */ = {
			isa = XCConfigurationList;
			buildConfigurations = (
				DCBA6B872D90FA0F00214DC5 /* Debug */,
				DCBA6B882D90FA0F00214DC5 /* Release */,
			);
			defaultConfigurationIsVisible = 0;
			defaultConfigurationName = Release;
		};
/* End XCConfigurationList section */

/* Begin XCLocalSwiftPackageReference section */
		DC1AAC6A2DD4A152000B9918 /* XCLocalSwiftPackageReference "../BondfyrPhotos" */ = {
			isa = XCLocalSwiftPackageReference;
			relativePath = ../BondfyrPhotos;
		};
/* End XCLocalSwiftPackageReference section */

/* Begin XCRemoteSwiftPackageReference section */
		DC1AAA602DCEC4FE000B9918 /* XCRemoteSwiftPackageReference "Kingfisher" */ = {
			isa = XCRemoteSwiftPackageReference;
			repositoryURL = "https://github.com/onevcat/Kingfisher.git";
			requirement = {
				kind = upToNextMajorVersion;
				minimumVersion = 8.3.2;
			};
		};
		DC40AA702D91831000D78A39 /* XCRemoteSwiftPackageReference "firebase-ios-sdk" */ = {
			isa = XCRemoteSwiftPackageReference;
			repositoryURL = "https://github.com/firebase/firebase-ios-sdk";
			requirement = {
				kind = upToNextMajorVersion;
				minimumVersion = 11.10.0;
			};
		};
		DC40AA912D91933800D78A39 /* XCRemoteSwiftPackageReference "GoogleSignIn-iOS" */ = {
			isa = XCRemoteSwiftPackageReference;
			repositoryURL = "https://github.com/google/GoogleSignIn-iOS";
			requirement = {
				kind = upToNextMajorVersion;
				minimumVersion = 8.0.0;
			};
		};
		DC9A4B732DB927C300A44426 /* XCRemoteSwiftPackageReference "SDWebImage" */ = {
			isa = XCRemoteSwiftPackageReference;
			repositoryURL = "https://github.com/SDWebImage/SDWebImage.git";
			requirement = {
				kind = upToNextMajorVersion;
				minimumVersion = 5.21.0;
			};
		};
		DCFABE2D2E7C25150034E42E /* XCRemoteSwiftPackageReference "mixpanel-swift" */ = {
			isa = XCRemoteSwiftPackageReference;
			repositoryURL = "https://github.com/mixpanel/mixpanel-swift";
			requirement = {
				branch = master;
				kind = branch;
			};
		};
/* End XCRemoteSwiftPackageReference section */

/* Begin XCSwiftPackageProductDependency section */
		DC1AAA612DCEC4FE000B9918 /* Kingfisher */ = {
			isa = XCSwiftPackageProductDependency;
			package = DC1AAA602DCEC4FE000B9918 /* XCRemoteSwiftPackageReference "Kingfisher" */;
			productName = Kingfisher;
		};
		DC1AAC6B2DD4A153000B9918 /* BondfyrPhotos */ = {
			isa = XCSwiftPackageProductDependency;
			productName = BondfyrPhotos;
		};
		DC40AA712D9185E000D78A39 /* FirebaseAnalytics */ = {
			isa = XCSwiftPackageProductDependency;
			package = DC40AA702D91831000D78A39 /* XCRemoteSwiftPackageReference "firebase-ios-sdk" */;
			productName = FirebaseAnalytics;
		};
		DC40AA732D9185E000D78A39 /* FirebaseAnalyticsOnDeviceConversion */ = {
			isa = XCSwiftPackageProductDependency;
			package = DC40AA702D91831000D78A39 /* XCRemoteSwiftPackageReference "firebase-ios-sdk" */;
			productName = FirebaseAnalyticsOnDeviceConversion;
		};
		DC40AA752D9185E000D78A39 /* FirebaseAnalyticsWithoutAdIdSupport */ = {
			isa = XCSwiftPackageProductDependency;
			package = DC40AA702D91831000D78A39 /* XCRemoteSwiftPackageReference "firebase-ios-sdk" */;
			productName = FirebaseAnalyticsWithoutAdIdSupport;
		};
		DC40AA772D9185E000D78A39 /* FirebaseAppCheck */ = {
			isa = XCSwiftPackageProductDependency;
			package = DC40AA702D91831000D78A39 /* XCRemoteSwiftPackageReference "firebase-ios-sdk" */;
			productName = FirebaseAppCheck;
		};
		DC40AA792D9185E000D78A39 /* FirebaseAppDistribution-Beta */ = {
			isa = XCSwiftPackageProductDependency;
			package = DC40AA702D91831000D78A39 /* XCRemoteSwiftPackageReference "firebase-ios-sdk" */;
			productName = "FirebaseAppDistribution-Beta";
		};
		DC40AA7C2D91860300D78A39 /* FirebaseCore */ = {
			isa = XCSwiftPackageProductDependency;
			package = DC40AA702D91831000D78A39 /* XCRemoteSwiftPackageReference "firebase-ios-sdk" */;
			productName = FirebaseCore;
		};
		DC40AA7E2D91860E00D78A39 /* FirebaseAuth */ = {
			isa = XCSwiftPackageProductDependency;
			package = DC40AA702D91831000D78A39 /* XCRemoteSwiftPackageReference "firebase-ios-sdk" */;
			productName = FirebaseAuth;
		};
		DC40AA8B2D918B5E00D78A39 /* FirebaseFirestore */ = {
			isa = XCSwiftPackageProductDependency;
			package = DC40AA702D91831000D78A39 /* XCRemoteSwiftPackageReference "firebase-ios-sdk" */;
			productName = FirebaseFirestore;
		};
		DC40AA922D91934800D78A39 /* GoogleSignIn */ = {
			isa = XCSwiftPackageProductDependency;
			package = DC40AA912D91933800D78A39 /* XCRemoteSwiftPackageReference "GoogleSignIn-iOS" */;
			productName = GoogleSignIn;
		};
		DC40AA942D91934800D78A39 /* GoogleSignInSwift */ = {
			isa = XCSwiftPackageProductDependency;
			package = DC40AA912D91933800D78A39 /* XCRemoteSwiftPackageReference "GoogleSignIn-iOS" */;
			productName = GoogleSignInSwift;
		};
		DC40AAB32D9AAD2500D78A39 /* FirebaseStorage */ = {
			isa = XCSwiftPackageProductDependency;
			package = DC40AA702D91831000D78A39 /* XCRemoteSwiftPackageReference "firebase-ios-sdk" */;
			productName = FirebaseStorage;
		};
		DC40AC862DA5790F00D78A39 /* FirebaseMessaging */ = {
			isa = XCSwiftPackageProductDependency;
			package = DC40AA702D91831000D78A39 /* XCRemoteSwiftPackageReference "firebase-ios-sdk" */;
			productName = FirebaseMessaging;
		};
		DC9A4B742DB927C300A44426 /* SDWebImage */ = {
			isa = XCSwiftPackageProductDependency;
			package = DC9A4B732DB927C300A44426 /* XCRemoteSwiftPackageReference "SDWebImage" */;
			productName = SDWebImage;
		};
		DC9A4B762DB927C300A44426 /* SDWebImageMapKit */ = {
			isa = XCSwiftPackageProductDependency;
			package = DC9A4B732DB927C300A44426 /* XCRemoteSwiftPackageReference "SDWebImage" */;
			productName = SDWebImageMapKit;
		};
		DCFABE2E2E7C25150034E42E /* Mixpanel */ = {
			isa = XCSwiftPackageProductDependency;
			package = DCFABE2D2E7C25150034E42E /* XCRemoteSwiftPackageReference "mixpanel-swift" */;
			productName = Mixpanel;
		};
/* End XCSwiftPackageProductDependency section */
	};
	rootObject = DCBA6B542D90FA0E00214DC5 /* Project object */;
}
